
Microsoft Visual Studio Solution File, Format Version 12.00
# Visual Studio Version 17
VisualStudioVersion = 17.10.35027.167
MinimumVisualStudioVersion = 10.0.40219.1
Project("{9A19103F-16F7-4668-BE54-9A1E7A4F7556}") = "TyzenR.Taskman.Managers", "TyzenR.Taskman.Managers\TyzenR.Taskman.Managers.csproj", "{019DAB68-640D-488E-B0A6-5F43DC8124AC}"
EndProject
Project("{9A19103F-16F7-4668-BE54-9A1E7A4F7556}") = "TyzenR.Taskman.Entity", "TyzenR.Taskman.Entity\TyzenR.Taskman.Entity.csproj", "{11208B80-6A14-4F4D-B326-E62575471384}"
EndProject
Project("{9A19103F-16F7-4668-BE54-9A1E7A4F7556}") = "TyzenR.Taskman.Web", "TyzenR.Taskman.Web\TyzenR.Taskman.Web.csproj", "{938046B5-BF1F-40D9-AB1F-85515F5A061F}"
EndProject
Project("{2150E333-8FDC-42A3-9474-1A3956D46DE8}") = "Shared", "Shared", "{1DAF5D50-ADCF-4C11-87DE-4A0C83ABDBC2}"
EndProject
Project("{9A19103F-16F7-4668-BE54-9A1E7A4F7556}") = "TyzenR.Publisher.Shared", "..\TyzenR.Publisher\TyzenR.Publisher.Shared\TyzenR.Publisher.Shared.csproj", "{E26A8E58-12EA-4D4E-9BFC-6EC8265C34FC}"
EndProject
Project("{9A19103F-16F7-4668-BE54-9A1E7A4F7556}") = "TyzenR.Account", "..\TyzenR.Account\TyzenR.Account\TyzenR.Account.csproj", "{6E323E56-961B-4DE4-A19F-1FE10EAB36AA}"
EndProject
Global
	GlobalSection(SolutionConfigurationPlatforms) = preSolution
		Debug|Any CPU = Debug|Any CPU
		Release|Any CPU = Release|Any CPU
	EndGlobalSection
	GlobalSection(ProjectConfigurationPlatforms) = postSolution
		{019DAB68-640D-488E-B0A6-5F43DC8124AC}.Debug|Any CPU.ActiveCfg = Debug|Any CPU
		{019DAB68-640D-488E-B0A6-5F43DC8124AC}.Debug|Any CPU.Build.0 = Debug|Any CPU
		{019DAB68-640D-488E-B0A6-5F43DC8124AC}.Release|Any CPU.ActiveCfg = Release|Any CPU
		{019DAB68-640D-488E-B0A6-5F43DC8124AC}.Release|Any CPU.Build.0 = Release|Any CPU
		{11208B80-6A14-4F4D-B326-E62575471384}.Debug|Any CPU.ActiveCfg = Debug|Any CPU
		{11208B80-6A14-4F4D-B326-E62575471384}.Debug|Any CPU.Build.0 = Debug|Any CPU
		{11208B80-6A14-4F4D-B326-E62575471384}.Release|Any CPU.ActiveCfg = Release|Any CPU
		{11208B80-6A14-4F4D-B326-E62575471384}.Release|Any CPU.Build.0 = Release|Any CPU
		{938046B5-BF1F-40D9-AB1F-85515F5A061F}.Debug|Any CPU.ActiveCfg = Debug|Any CPU
		{938046B5-BF1F-40D9-AB1F-85515F5A061F}.Debug|Any CPU.Build.0 = Debug|Any CPU
		{938046B5-BF1F-40D9-AB1F-85515F5A061F}.Release|Any CPU.ActiveCfg = Release|Any CPU
		{938046B5-BF1F-40D9-AB1F-85515F5A061F}.Release|Any CPU.Build.0 = Release|Any CPU
		{E26A8E58-12EA-4D4E-9BFC-6EC8265C34FC}.Debug|Any CPU.ActiveCfg = Debug|Any CPU
		{E26A8E58-12EA-4D4E-9BFC-6EC8265C34FC}.Debug|Any CPU.Build.0 = Debug|Any CPU
		{E26A8E58-12EA-4D4E-9BFC-6EC8265C34FC}.Release|Any CPU.ActiveCfg = Release|Any CPU
		{E26A8E58-12EA-4D4E-9BFC-6EC8265C34FC}.Release|Any CPU.Build.0 = Release|Any CPU
		{6E323E56-961B-4DE4-A19F-1FE10EAB36AA}.Debug|Any CPU.ActiveCfg = Debug|Any CPU
		{6E323E56-961B-4DE4-A19F-1FE10EAB36AA}.Debug|Any CPU.Build.0 = Debug|Any CPU
		{6E323E56-961B-4DE4-A19F-1FE10EAB36AA}.Release|Any CPU.ActiveCfg = Release|Any CPU
		{6E323E56-961B-4DE4-A19F-1FE10EAB36AA}.Release|Any CPU.Build.0 = Release|Any CPU
	EndGlobalSection
	GlobalSection(SolutionProperties) = preSolution
		HideSolutionNode = FALSE
	EndGlobalSection
	GlobalSection(NestedProjects) = preSolution
		{E26A8E58-12EA-4D4E-9BFC-6EC8265C34FC} = {1DAF5D50-ADCF-4C11-87DE-4A0C83ABDBC2}
		{6E323E56-961B-4DE4-A19F-1FE10EAB36AA} = {1DAF5D50-ADCF-4C11-87DE-4A0C83ABDBC2}
	EndGlobalSection
	GlobalSection(ExtensibilityGlobals) = postSolution
		SolutionGuid = {90637776-8EED-48AB-A6D3-45B54FDD716E}
	EndGlobalSection
EndGlobal
